
Microsoft Visual Studio Solution File, Format Version 12.00
# Visual Studio Version 17
VisualStudioVersion = 17.13.35931.197 d17.13
MinimumVisualStudioVersion = 10.0.40219.1
Project("{FAE04EC0-301F-11D3-BF4B-00C04F79EFBC}") = "GestaoDeEquipamentos.ConsoleApp", "GestaoDeEquipamentos.ConsoleApp\GestaoDeEquipamentos.ConsoleApp.csproj", "{116274B1-9052-4B43-BE55-9B644039E14A}"
EndProject
Global
	GlobalSection(SolutionConfigurationPlatforms) = preSolution
		Debug|Any CPU = Debug|Any CPU
		Release|Any CPU = Release|Any CPU
	EndGlobalSection
	GlobalSection(ProjectConfigurationPlatforms) = postSolution
		{116274B1-9052-4B43-BE55-9B644039E14A}.Debug|Any CPU.ActiveCfg = Debug|Any CPU
		{116274B1-9052-4B43-BE55-9B644039E14A}.Debug|Any CPU.Build.0 = Debug|Any CPU
		{116274B1-9052-4B43-BE55-9B644039E14A}.Release|Any CPU.ActiveCfg = Release|Any CPU
		{116274B1-9052-4B43-BE55-9B644039E14A}.Release|Any CPU.Build.0 = Release|Any CPU
	EndGlobalSection
	GlobalSection(SolutionProperties) = preSolution
		HideSolutionNode = FALSE
	EndGlobalSection
	GlobalSection(ExtensibilityGlobals) = postSolution
		SolutionGuid = {50108396-8267-4ECB-A214-B8D9A714D93C}
	EndGlobalSection
EndGlobal
